{
  "version": 4,
  "terraform_version": "1.5.0",
  "serial": 6,
  "lineage": "4ceb88be-c7cd-3b4f-78d6-c5cf832683d5",
  "outputs": {},
  "resources": [
    {
      "mode": "data",
      "type": "aws_eks_cluster",
      "name": "cluster",
      "provider": "provider[\"registry.terraform.io/hashicorp/aws\"]",
      "instances": [
        {
          "schema_version": 0,
          "attributes": {
            "arn": "arn:aws:eks:eu-west-2:216389710692:cluster/finance-pipeline-eks",
            "certificate_authority": [
              {
                "data": "LS0tLS1CRUdJTiBDRVJUSUZJQ0FURS0tLS0tCk1JSUMvakNDQWVhZ0F3SUJBZ0lCQURBTkJna3Foa2lHOXcwQkFRc0ZBREFWTVJNd0VRWURWUVFERXdwcmRXSmwKY201bGRHVnpNQjRYRFRJek1EWXhOREV3TWpjd09Wb1hEVE16TURZeE1URXdNamN3T1Zvd0ZURVRNQkVHQTFVRQpBeE1LYTNWaVpYSnVaWFJsY3pDQ0FTSXdEUVlKS29aSWh2Y05BUUVCQlFBRGdnRVBBRENDQVFvQ2dnRUJBT3hoCmdMK1dwQnA4eDVhWFRhWWNiWWdTRTg3cnVpTkx0S3p2ZXNLUDNWT2RaLzFNRkZmRld3VzVyZXZzVGlNaURDYUsKdHJIdnhBbGR0a25NSTcwN3hrTFhrL05HRE41eStzcmcxcWJpSEt2L3BzaU05RmlPUERiRGxvOFRwaFFBQ3RyMwpzQ3RhNmFYaitmWUsyY1EzVUkrUEZvREQrc05ocnJhV3JKTzd6SmVzb240U2VWMzhCZDByMVVCNGFLcTl4UFV0CkZiU1p2VU5iOFNxa1IzblJSOE84Y1hjdzNSQ0RvMWprRXgrVkZSRlhjQ2xRZWdZanB3SExkSmdVcjVBclUrVzYKWHd4NWhsalg4NHFxYU5sdUhrMlZSZmc4MVB4Q0xhOEw1bDZ4eVZydm9tWi9rem42SFR2Ri9CTWZibmVUOXU0TwpDRkRaUXNEdzUyY01HVXBmSVJFQ0F3RUFBYU5aTUZjd0RnWURWUjBQQVFIL0JBUURBZ0trTUE4R0ExVWRFd0VCCi93UUZNQU1CQWY4d0hRWURWUjBPQkJZRUZIT0NUTEJPc3NvU2RRUkdtQTkxK2N3dkpvSG9NQlVHQTFVZEVRUU8KTUF5Q0NtdDFZbVZ5Ym1WMFpYTXdEUVlKS29aSWh2Y05BUUVMQlFBRGdnRUJBSFpMdXRoc0pMSjFxUXRpYXhYWgpqL2dsSHhhUlhIM21PN1N0UzlaUVRaSTRZd3BXY2tDb3ZaRDFTdWFLWDhKcXJnUzlIUUg1MVp2Nm9qaXFJSkk2CnhSNUZOQndvWXVMekRkbVlpRmV5WW1PMElWdmtJYVorS1diaHRUTmUwNk9aRWFBV016dENUdkUxUnB5REFaQ3AKYW9IaUlKUCtpR3BQRDNOaFJGQUxoNkFwUnp2ZmNocHZicHd0Q2Y1S2pXUmF4Yi8vV251VDFUbklPZ1pIUFNuKwpBTUtXQTc1WEJDZ05aMG5HVkNPc0dTb0E3a0poNUZZZHphejRLdkdPL2FZWkl3cUFBaEZNYWdmcldPdmlNNG5JCmZIMGQ4TXlOWEhaQVNPL2tibFJ5UHpIeHBQcUN6UW0vM0dtSUlIZW5rOFluYlRlQTN1QkVmQTRUZXVJdDdjNXQKQlJVPQotLS0tLUVORCBDRVJUSUZJQ0FURS0tLS0tCg=="
              }
            ],
            "cluster_id": null,
            "created_at": "2023-06-14 10:22:42.192 +0000 UTC",
            "enabled_cluster_log_types": [
              "api",
              "audit",
              "authenticator"
            ],
            "endpoint": "https://4BBCEEBD781AD1173F4EF060CE7BD8E9.gr7.eu-west-2.eks.amazonaws.com",
            "id": "finance-pipeline-eks",
            "identity": [
              {
                "oidc": [
                  {
                    "issuer": "https://oidc.eks.eu-west-2.amazonaws.com/id/4BBCEEBD781AD1173F4EF060CE7BD8E9"
                  }
                ]
              }
            ],
            "kubernetes_network_config": [
              {
                "ip_family": "ipv4",
                "service_ipv4_cidr": "172.20.0.0/16",
                "service_ipv6_cidr": ""
              }
            ],
            "name": "finance-pipeline-eks",
            "outpost_config": [],
            "platform_version": "eks.7",
            "role_arn": "arn:aws:iam::216389710692:role/finance-pipeline-eks-cluster-20230614102221268900000003",
            "status": "ACTIVE",
            "tags": {},
            "version": "1.24",
            "vpc_config": [
              {
                "cluster_security_group_id": "sg-0279737e7c448d1ab",
                "endpoint_private_access": true,
                "endpoint_public_access": true,
                "public_access_cidrs": [
                  "0.0.0.0/0"
                ],
                "security_group_ids": [
                  "sg-068a35133d2a1d1a3"
                ],
                "subnet_ids": [
                  "subnet-074ff723fb570968f",
                  "subnet-09dd99fcd86569689",
                  "subnet-0f647712c6dbf5618"
                ],
                "vpc_id": "vpc-09a6065d840b6b27b"
              }
            ]
          },
          "sensitive_attributes": []
        }
      ]
    },
    {
      "mode": "data",
      "type": "aws_eks_cluster_auth",
      "name": "cluster",
      "provider": "provider[\"registry.terraform.io/hashicorp/aws\"]",
      "instances": [
        {
          "schema_version": 0,
          "attributes": {
            "id": "finance-pipeline-eks",
            "name": "finance-pipeline-eks",
            "token": "k8s-aws-v1.aHR0cHM6Ly9zdHMuYW1hem9uYXdzLmNvbS8_QWN0aW9uPUdldENhbGxlcklkZW50aXR5JlZlcnNpb249MjAxMS0wNi0xNSZYLUFtei1BbGdvcml0aG09QVdTNC1ITUFDLVNIQTI1NiZYLUFtei1DcmVkZW50aWFsPUFLSUFURVlPVTZOU0taQUJIUExYJTJGMjAyMzA2MTQlMkZ1cy1lYXN0LTElMkZzdHMlMkZhd3M0X3JlcXVlc3QmWC1BbXotRGF0ZT0yMDIzMDYxNFQxMDQwMjVaJlgtQW16LUV4cGlyZXM9MCZYLUFtei1TaWduZWRIZWFkZXJzPWhvc3QlM0J4LWs4cy1hd3MtaWQmWC1BbXotU2lnbmF0dXJlPTVmODlhZmFmZWRiMDQ0MGU1YjdhZTYwOTcxYTI4MzQ3MzM3YmIyMWI5ZjU5YzYzMTA4YjAzZWFkYzI1NWE2NDY"
          },
          "sensitive_attributes": []
        }
      ]
    },
    {
      "mode": "data",
      "type": "kubernetes_service",
      "name": "websocket",
      "provider": "provider[\"registry.terraform.io/hashicorp/kubernetes\"]",
      "instances": []
    },
    {
      "mode": "data",
      "type": "terraform_remote_state",
      "name": "eks",
      "provider": "provider[\"terraform.io/builtin/terraform\"]",
      "instances": [
        {
          "schema_version": 0,
          "attributes": {
            "backend": "local",
            "config": {
              "value": {
                "path": "../EKS/terraform.tfstate"
              },
              "type": [
                "object",
                {
                  "path": "string"
                }
              ]
            },
            "defaults": null,
            "outputs": {
              "value": {
                "cluster_endpoint": "https://4BBCEEBD781AD1173F4EF060CE7BD8E9.gr7.eu-west-2.eks.amazonaws.com",
                "cluster_name": "finance-pipeline-eks",
                "cluster_security_group_id": "sg-068a35133d2a1d1a3",
                "region": "eu-west-2"
              },
              "type": [
                "object",
                {
                  "cluster_endpoint": "string",
                  "cluster_name": "string",
                  "cluster_security_group_id": "string",
                  "region": "string"
                }
              ]
            },
            "workspace": null
          },
          "sensitive_attributes": []
        }
      ]
    },
    {
      "mode": "managed",
      "type": "kubernetes_config_map",
      "name": "pipeline-config",
      "provider": "provider[\"registry.terraform.io/hashicorp/kubernetes\"]",
      "instances": [
        {
          "schema_version": 0,
          "attributes": {
            "binary_data": null,
            "data": {
              "FINNHUB_STOCKS_TICKERS": "[\"BINANCE:BTCUSDT\",\"BINANCE:ETHUSDT\",\"BINANCE:XRPUSDT\",\"BINANCE:DOGEUSDT\"]",
              "FINNHUB_VALIDATE_TICKERS": "1",
              "KAFKA_MIN_PARTITIONS": "1",
              "KAFKA_PORT": "9092",
              "KAFKA_SERVER": "kafka-service.financial-streaming-pipeline.svc.cluster.local",
              "KAFKA_TOPIC_NAME": "market",
              "SPARK_DEPRECATED_OFFSETS": "False",
              "SPARK_MASTER": "spark://spark-master:7077",
              "SPARK_MAX_OFFSETS_PER_TRIGGER": "100",
              "SPARK_SHUFFLE_PARTITIONS": "2"
            },
            "id": "financial-streaming-pipeline/pipeline-config",
            "immutable": false,
            "metadata": [
              {
                "annotations": null,
                "generate_name": "",
                "generation": 0,
                "labels": null,
                "name": "pipeline-config",
                "namespace": "financial-streaming-pipeline",
                "resource_version": "2412",
                "uid": "4b4ef0f2-7b30-4721-80fc-752fc81904e4"
              }
            ]
          },
          "sensitive_attributes": [],
          "private": "bnVsbA==",
          "dependencies": [
            "data.aws_eks_cluster.cluster",
            "kubernetes_namespace.pipeline-namespace"
          ]
        }
      ]
    },
    {
      "mode": "managed",
      "type": "kubernetes_deployment",
      "name": "websocket",
      "provider": "provider[\"registry.terraform.io/hashicorp/kubernetes\"]",
      "instances": [
        {
          "status": "tainted",
          "schema_version": 1,
          "attributes": {
            "id": "financial-streaming-pipeline/websocket",
            "metadata": [
              {
                "annotations": null,
                "generate_name": "",
                "generation": 0,
                "labels": {
                  "k8s.service": "websocket"
                },
                "name": "websocket",
                "namespace": "financial-streaming-pipeline",
                "resource_version": "",
                "uid": ""
              }
            ],
            "spec": [
              {
                "min_ready_seconds": 0,
                "paused": false,
                "progress_deadline_seconds": 600,
                "replicas": "1",
                "revision_history_limit": 10,
                "selector": [
                  {
                    "match_expressions": [],
                    "match_labels": {
                      "k8s.service": "websocket"
                    }
                  }
                ],
                "strategy": [],
                "template": [
                  {
                    "metadata": [
                      {
                        "annotations": null,
                        "generate_name": "",
                        "generation": 0,
                        "labels": {
                          "k8s.network/pipeline-network": "true",
                          "k8s.service": "websocket"
                        },
                        "name": "",
                        "namespace": "",
                        "resource_version": "",
                        "uid": ""
                      }
                    ],
                    "spec": [
                      {
                        "active_deadline_seconds": 0,
                        "affinity": [],
                        "automount_service_account_token": true,
                        "container": [
                          {
                            "args": null,
                            "command": null,
                            "env": [],
                            "env_from": [
                              {
                                "config_map_ref": [
                                  {
                                    "name": "pipeline-config",
                                    "optional": false
                                  }
                                ],
                                "prefix": "",
                                "secret_ref": []
                              },
                              {
                                "config_map_ref": [],
                                "prefix": "",
                                "secret_ref": [
                                  {
                                    "name": "pipeline-secrets",
                                    "optional": false
                                  }
                                ]
                              }
                            ],
                            "image": "ethanjolly/fin_websocket",
                            "image_pull_policy": "Never",
                            "lifecycle": [],
                            "liveness_probe": [],
                            "name": "websocket",
                            "port": [],
                            "readiness_probe": [],
                            "resources": [],
                            "security_context": [],
                            "startup_probe": [],
                            "stdin": false,
                            "stdin_once": false,
                            "termination_message_path": "/dev/termination-log",
                            "termination_message_policy": "",
                            "tty": false,
                            "volume_mount": [],
                            "working_dir": ""
                          }
                        ],
                        "dns_config": [],
                        "dns_policy": "ClusterFirst",
                        "enable_service_links": true,
                        "host_aliases": [],
                        "host_ipc": false,
                        "host_network": false,
                        "host_pid": false,
                        "hostname": "",
                        "image_pull_secrets": [],
                        "init_container": [],
                        "node_name": "",
                        "node_selector": null,
                        "priority_class_name": "",
                        "readiness_gate": [],
                        "restart_policy": "Always",
                        "runtime_class_name": "",
                        "security_context": [],
                        "service_account_name": "",
                        "share_process_namespace": false,
                        "subdomain": "",
                        "termination_grace_period_seconds": 30,
                        "toleration": [],
                        "topology_spread_constraint": [],
                        "volume": []
                      }
                    ]
                  }
                ]
              }
            ],
            "timeouts": null,
            "wait_for_rollout": true
          },
          "sensitive_attributes": [],
          "private": "eyJlMmJmYjczMC1lY2FhLTExZTYtOGY4OC0zNDM2M2JjN2M0YzAiOnsiY3JlYXRlIjo2MDAwMDAwMDAwMDAsImRlbGV0ZSI6NjAwMDAwMDAwMDAwLCJ1cGRhdGUiOjYwMDAwMDAwMDAwMH0sInNjaGVtYV92ZXJzaW9uIjoiMSJ9",
          "dependencies": [
            "data.aws_eks_cluster.cluster"
          ]
        }
      ]
    },
    {
      "mode": "managed",
      "type": "kubernetes_namespace",
      "name": "pipeline-namespace",
      "provider": "provider[\"registry.terraform.io/hashicorp/kubernetes\"]",
      "instances": [
        {
          "schema_version": 0,
          "attributes": {
            "id": "financial-streaming-pipeline",
            "metadata": [
              {
                "annotations": null,
                "generate_name": "",
                "generation": 0,
                "labels": null,
                "name": "financial-streaming-pipeline",
                "resource_version": "2404",
                "uid": "cdfd7624-73bb-470b-bd84-936fc0ac18c5"
              }
            ],
            "timeouts": null
          },
          "sensitive_attributes": [],
          "private": "eyJlMmJmYjczMC1lY2FhLTExZTYtOGY4OC0zNDM2M2JjN2M0YzAiOnsiZGVsZXRlIjozMDAwMDAwMDAwMDB9fQ==",
          "dependencies": [
            "data.aws_eks_cluster.cluster"
          ]
        }
      ]
    },
    {
      "mode": "managed",
      "type": "kubernetes_network_policy",
      "name": "pipeline_network",
      "provider": "provider[\"registry.terraform.io/hashicorp/kubernetes\"]",
      "instances": [
        {
          "schema_version": 0,
          "attributes": {
            "id": "financial-streaming-pipeline/pipeline-network",
            "metadata": [
              {
                "annotations": null,
                "generate_name": "",
                "generation": 1,
                "labels": null,
                "name": "pipeline-network",
                "namespace": "financial-streaming-pipeline",
                "resource_version": "2413",
                "uid": "2733b7af-f3fa-491f-ae0f-1579cefa11a4"
              }
            ],
            "spec": [
              {
                "egress": [],
                "ingress": [
                  {
                    "from": [
                      {
                        "ip_block": [],
                        "namespace_selector": [],
                        "pod_selector": [
                          {
                            "match_expressions": [],
                            "match_labels": {
                              "k8s.network/pipeline-network": "true"
                            }
                          }
                        ]
                      }
                    ],
                    "ports": []
                  }
                ],
                "pod_selector": [
                  {
                    "match_expressions": [],
                    "match_labels": {
                      "k8s.network/pipeline-network": "true"
                    }
                  }
                ],
                "policy_types": [
                  "Ingress"
                ]
              }
            ]
          },
          "sensitive_attributes": [],
          "private": "bnVsbA==",
          "dependencies": [
            "data.aws_eks_cluster.cluster",
            "kubernetes_namespace.pipeline-namespace"
          ]
        }
      ]
    },
    {
      "mode": "managed",
      "type": "kubernetes_secret",
      "name": "pipeline-secrets",
      "provider": "provider[\"registry.terraform.io/hashicorp/kubernetes\"]",
      "instances": [
        {
          "schema_version": 0,
          "attributes": {
            "binary_data": null,
            "data": {
              "CASSANDRA_PASSWORD": "",
              "CASSANDRA_USER": "",
              "FINNHUB_API_KEY": " chuq7epr01qruokjgcggchuq7epr01qruokjgch0"
            },
            "id": "financial-streaming-pipeline/pipeline-secrets",
            "immutable": false,
            "metadata": [
              {
                "annotations": null,
                "generate_name": "",
                "generation": 0,
                "labels": null,
                "name": "pipeline-secrets",
                "namespace": "financial-streaming-pipeline",
                "resource_version": "2414",
                "uid": "571ced53-d9eb-44ef-8700-055c5f24e7af"
              }
            ],
            "timeouts": null,
            "type": "opaque",
            "wait_for_service_account_token": true
          },
          "sensitive_attributes": [],
          "private": "eyJlMmJmYjczMC1lY2FhLTExZTYtOGY4OC0zNDM2M2JjN2M0YzAiOnsiY3JlYXRlIjo2MDAwMDAwMDAwMH19",
          "dependencies": [
            "data.aws_eks_cluster.cluster",
            "kubernetes_namespace.pipeline-namespace"
          ]
        }
      ]
    },
    {
      "mode": "managed",
      "type": "kubernetes_service",
      "name": "websocket",
      "provider": "provider[\"registry.terraform.io/hashicorp/kubernetes\"]",
      "instances": []
    }
  ],
  "check_results": null
}
